
Microsoft Visual Studio Solution File, Format Version 12.00
# Visual Studio Version 17
VisualStudioVersion = 17.9.34728.123
MinimumVisualStudioVersion = 10.0.40219.1
Project("{9A19103F-16F7-4668-BE54-9A1E7A4F7556}") = "SocialMedia.Api", "SocialMedia\SocialMedia.Api.csproj", "{0EC3FD48-ED5B-4D25-9379-46250599F055}"
EndProject
Project("{9A19103F-16F7-4668-BE54-9A1E7A4F7556}") = "SocialMedia.Core", "SocialMedia.Core\SocialMedia.Core.csproj", "{B4131215-23B8-49C1-ABFE-50A6049F15AB}"
EndProject
Project("{9A19103F-16F7-4668-BE54-9A1E7A4F7556}") = "SocialMedia.Infrastructure", "SocialMedia.Infrastructure\SocialMedia.Infrastructure.csproj", "{99518C40-7928-4DE3-B68A-96D7C325133E}"
EndProject
Project("{00D1A9C2-B5F0-4AF3-8072-F6C62B433612}") = "SocialMedia", "SocialMediaDB\SocialMedia\SocialMedia.sqlproj", "{6DC64579-662D-4B23-AF7F-C0085D378C63}"
EndProject
Global
	GlobalSection(SolutionConfigurationPlatforms) = preSolution
		Debug|Any CPU = Debug|Any CPU
		Release|Any CPU = Release|Any CPU
	EndGlobalSection
	GlobalSection(ProjectConfigurationPlatforms) = postSolution
		{0EC3FD48-ED5B-4D25-9379-46250599F055}.Debug|Any CPU.ActiveCfg = Debug|Any CPU
		{0EC3FD48-ED5B-4D25-9379-46250599F055}.Debug|Any CPU.Build.0 = Debug|Any CPU
		{0EC3FD48-ED5B-4D25-9379-46250599F055}.Release|Any CPU.ActiveCfg = Release|Any CPU
		{0EC3FD48-ED5B-4D25-9379-46250599F055}.Release|Any CPU.Build.0 = Release|Any CPU
		{B4131215-23B8-49C1-ABFE-50A6049F15AB}.Debug|Any CPU.ActiveCfg = Debug|Any CPU
		{B4131215-23B8-49C1-ABFE-50A6049F15AB}.Debug|Any CPU.Build.0 = Debug|Any CPU
		{B4131215-23B8-49C1-ABFE-50A6049F15AB}.Release|Any CPU.ActiveCfg = Release|Any CPU
		{B4131215-23B8-49C1-ABFE-50A6049F15AB}.Release|Any CPU.Build.0 = Release|Any CPU
		{99518C40-7928-4DE3-B68A-96D7C325133E}.Debug|Any CPU.ActiveCfg = Debug|Any CPU
		{99518C40-7928-4DE3-B68A-96D7C325133E}.Debug|Any CPU.Build.0 = Debug|Any CPU
		{99518C40-7928-4DE3-B68A-96D7C325133E}.Release|Any CPU.ActiveCfg = Release|Any CPU
		{99518C40-7928-4DE3-B68A-96D7C325133E}.Release|Any CPU.Build.0 = Release|Any CPU
		{6DC64579-662D-4B23-AF7F-C0085D378C63}.Debug|Any CPU.ActiveCfg = Debug|Any CPU
		{6DC64579-662D-4B23-AF7F-C0085D378C63}.Debug|Any CPU.Build.0 = Debug|Any CPU
		{6DC64579-662D-4B23-AF7F-C0085D378C63}.Debug|Any CPU.Deploy.0 = Debug|Any CPU
		{6DC64579-662D-4B23-AF7F-C0085D378C63}.Release|Any CPU.ActiveCfg = Release|Any CPU
		{6DC64579-662D-4B23-AF7F-C0085D378C63}.Release|Any CPU.Build.0 = Release|Any CPU
		{6DC64579-662D-4B23-AF7F-C0085D378C63}.Release|Any CPU.Deploy.0 = Release|Any CPU
	EndGlobalSection
	GlobalSection(SolutionProperties) = preSolution
		HideSolutionNode = FALSE
	EndGlobalSection
	GlobalSection(ExtensibilityGlobals) = postSolution
		SolutionGuid = {011FBD7F-3599-4C52-84AB-687B8806842C}
	EndGlobalSection
EndGlobal
